lockfileVersion: '6.0'

settings:
  autoInstallPeers: true
  excludeLinksFromLockfile: false

dependencies:
  pnpm:
    specifier: ^8.7.5
    version: 8.7.5

packages:

  /pnpm@8.7.5:
    resolution: {integrity: sha512-WI8WZb89Uiq5x2jdz4PcQMG9ovTnXcDCEpoEckPYIT2zD8/+dEhVozPlT7bu3WkBgE0uTARtgyIKAFt+IpW2cQ==}
    engines: {node: '>=16.14'}
    hasBin: true
    dev: false
